
Microsoft Visual Studio Solution File, Format Version 12.00
# Visual Studio Version 16
VisualStudioVersion = 16.0.30114.105
MinimumVisualStudioVersion = 10.0.40219.1
Project("{FAE04EC0-301F-11D3-BF4B-00C04F79EFBC}") = "TNCFurnitures", "TNCFurnitures\TNCFurnitures.csproj", "{D69FB4B3-8541-4E8C-BB0F-B454737170AE}"
EndProject
Global
	GlobalSection(SolutionConfigurationPlatforms) = preSolution
		Debug|Any CPU = Debug|Any CPU
		Release|Any CPU = Release|Any CPU
	EndGlobalSection
	GlobalSection(ProjectConfigurationPlatforms) = postSolution
		{D69FB4B3-8541-4E8C-BB0F-B454737170AE}.Debug|Any CPU.ActiveCfg = Debug|Any CPU
		{D69FB4B3-8541-4E8C-BB0F-B454737170AE}.Debug|Any CPU.Build.0 = Debug|Any CPU
		{D69FB4B3-8541-4E8C-BB0F-B454737170AE}.Release|Any CPU.ActiveCfg = Release|Any CPU
		{D69FB4B3-8541-4E8C-BB0F-B454737170AE}.Release|Any CPU.Build.0 = Release|Any CPU
	EndGlobalSection
	GlobalSection(SolutionProperties) = preSolution
		HideSolutionNode = FALSE
	EndGlobalSection
	GlobalSection(ExtensibilityGlobals) = postSolution
		SolutionGuid = {0F10C2F2-AB91-4381-8AF5-8E18BB1C0232}
	EndGlobalSection
EndGlobal
